{
  "version": 1,
  "dependencies": {
    "net8.0": {
      "Microsoft.Windows.SDK.BuildTools": {
        "type": "Direct",
        "requested": "[10.0.28000.2526, )",
        "resolved": "10.0.28000.2526",
        "contentHash": "voeXXRC5EKuvnUCkPxkEhCbNuv/FM1RzjCQ3lj58Ju5AlVzh/9Lg+a7hqy57mh/00BH/9YNZCJRUjIZJrzTJ4w=="
      }
    }
  }
}